Microsoft Visual Studio Solution File, Format Version 12.00
# Visual Studio Version 17
VisualStudioVersion = 17.0.31903.59
MinimumVisualStudioVersion = 10.0.40219.1
Project("{FAE04EC0-301F-11D3-BF4B-00C04F79EFBC}") = "ViewContentNavigator", "src\ViewContentNavigator\ViewContentNavigator.csproj", "{94C410DC-63D3-4A4D-9666-46BB2A9007EF}"
EndProject
Global
	GlobalSection(SolutionConfigurationPlatforms) = preSolution
		Debug|AnyCPU = Debug|AnyCPU
		Release|AnyCPU = Release|AnyCPU
	EndGlobalSection
	GlobalSection(ProjectConfigurationPlatforms) = postSolution
		{94C410DC-63D3-4A4D-9666-46BB2A9007EF}.Debug|AnyCPU.ActiveCfg = Debug|AnyCPU
		{94C410DC-63D3-4A4D-9666-46BB2A9007EF}.Debug|AnyCPU.Build.0 = Debug|AnyCPU
		{94C410DC-63D3-4A4D-9666-46BB2A9007EF}.Release|AnyCPU.ActiveCfg = Release|AnyCPU
		{94C410DC-63D3-4A4D-9666-46BB2A9007EF}.Release|AnyCPU.Build.0 = Release|AnyCPU
	EndGlobalSection
	GlobalSection(SolutionProperties) = preSolution
		HideSolutionNode = FALSE
	EndGlobalSection
EndGlobal
